
Microsoft Visual Studio Solution File, Format Version 12.00
# Visual Studio Version 17
VisualStudioVersion = 17.4.33213.308
MinimumVisualStudioVersion = 10.0.40219.1
Project("{FAE04EC0-301F-11D3-BF4B-00C04F79EFBC}") = "Product-CQRS-SingleFile-MediatR", "Product-CQRS-SingleFile-MediatR.csproj", "{4A82CEB2-FF79-4DF3-9C6F-D7EFA0CECA58}"
EndProject
Global
	GlobalSection(SolutionConfigurationPlatforms) = preSolution
		Debug|Any CPU = Debug|Any CPU
		Release|Any CPU = Release|Any CPU
	EndGlobalSection
	GlobalSection(ProjectConfigurationPlatforms) = postSolution
		{4A82CEB2-FF79-4DF3-9C6F-D7EFA0CECA58}.Debug|Any CPU.ActiveCfg = Debug|Any CPU
		{4A82CEB2-FF79-4DF3-9C6F-D7EFA0CECA58}.Debug|Any CPU.Build.0 = Debug|Any CPU
		{4A82CEB2-FF79-4DF3-9C6F-D7EFA0CECA58}.Release|Any CPU.ActiveCfg = Release|Any CPU
		{4A82CEB2-FF79-4DF3-9C6F-D7EFA0CECA58}.Release|Any CPU.Build.0 = Release|Any CPU
	EndGlobalSection
	GlobalSection(SolutionProperties) = preSolution
		HideSolutionNode = FALSE
	EndGlobalSection
	GlobalSection(ExtensibilityGlobals) = postSolution
		SolutionGuid = {E1FD225D-CDF6-47B1-A991-8DE6A46E7A2E}
	EndGlobalSection
EndGlobal
